
Microsoft Visual Studio Solution File, Format Version 12.00
# Visual Studio Version 16
VisualStudioVersion = 16.0.29319.158
MinimumVisualStudioVersion = 10.0.40219.1
Project("{FAE04EC0-301F-11D3-BF4B-00C04F79EFBC}") = "GZipTest", "GZipTest\GZipTest.csproj", "{F76B982F-EE46-481B-B3B7-EEA9DFED26F7}"
EndProject
Project("{FAE04EC0-301F-11D3-BF4B-00C04F79EFBC}") = "GZipTest.Logic", "GZipTest.Logic\GZipTest.Logic.csproj", "{ACA1F7E7-3021-4D50-ACA5-0B20A5CA8420}"
EndProject
Project("{FAE04EC0-301F-11D3-BF4B-00C04F79EFBC}") = "GZipTest.Logic.Tests", "GZipTest.Logic.Tests\GZipTest.Logic.Tests.csproj", "{BBF8659B-0006-4057-8E96-E797D5140D1B}"
EndProject
Global
	GlobalSection(SolutionConfigurationPlatforms) = preSolution
		Debug|Any CPU = Debug|Any CPU
		Release|Any CPU = Release|Any CPU
	EndGlobalSection
	GlobalSection(ProjectConfigurationPlatforms) = postSolution
		{F76B982F-EE46-481B-B3B7-EEA9DFED26F7}.Debug|Any CPU.ActiveCfg = Debug|Any CPU
		{F76B982F-EE46-481B-B3B7-EEA9DFED26F7}.Debug|Any CPU.Build.0 = Debug|Any CPU
		{F76B982F-EE46-481B-B3B7-EEA9DFED26F7}.Release|Any CPU.ActiveCfg = Release|Any CPU
		{F76B982F-EE46-481B-B3B7-EEA9DFED26F7}.Release|Any CPU.Build.0 = Release|Any CPU
		{ACA1F7E7-3021-4D50-ACA5-0B20A5CA8420}.Debug|Any CPU.ActiveCfg = Debug|Any CPU
		{ACA1F7E7-3021-4D50-ACA5-0B20A5CA8420}.Debug|Any CPU.Build.0 = Debug|Any CPU
		{ACA1F7E7-3021-4D50-ACA5-0B20A5CA8420}.Release|Any CPU.ActiveCfg = Release|Any CPU
		{ACA1F7E7-3021-4D50-ACA5-0B20A5CA8420}.Release|Any CPU.Build.0 = Release|Any CPU
		{BBF8659B-0006-4057-8E96-E797D5140D1B}.Debug|Any CPU.ActiveCfg = Debug|Any CPU
		{BBF8659B-0006-4057-8E96-E797D5140D1B}.Debug|Any CPU.Build.0 = Debug|Any CPU
		{BBF8659B-0006-4057-8E96-E797D5140D1B}.Release|Any CPU.ActiveCfg = Release|Any CPU
		{BBF8659B-0006-4057-8E96-E797D5140D1B}.Release|Any CPU.Build.0 = Release|Any CPU
	EndGlobalSection
	GlobalSection(SolutionProperties) = preSolution
		HideSolutionNode = FALSE
	EndGlobalSection
	GlobalSection(ExtensibilityGlobals) = postSolution
		SolutionGuid = {AAB8FC45-8A60-4C58-BC2E-ED56612F20EC}
	EndGlobalSection
EndGlobal
